
Microsoft Visual Studio Solution File, Format Version 12.00
Project("{FAE04EC0-301F-11D3-BF4B-00C04F79EFBC}") = "WebServer", "WebServer\WebServer.csproj", "{86743BB6-9CC2-4F5B-8B7C-20E3708360B4}"
EndProject
Project("{FAE04EC0-301F-11D3-BF4B-00C04F79EFBC}") = "KWeb", "KWeb\KWeb.csproj", "{2EFF0CB8-43DE-4A34-A359-BA76EFA9C692}"
EndProject
Project("{FAE04EC0-301F-11D3-BF4B-00C04F79EFBC}") = "Functional", "Functional\Functional.csproj", "{13631415-C3B2-424B-8EFD-8971023C5067}"
EndProject
Global
	GlobalSection(SolutionConfigurationPlatforms) = preSolution
		Debug|Any CPU = Debug|Any CPU
		Release|Any CPU = Release|Any CPU
	EndGlobalSection
	GlobalSection(ProjectConfigurationPlatforms) = postSolution
		{86743BB6-9CC2-4F5B-8B7C-20E3708360B4}.Debug|Any CPU.ActiveCfg = Debug|Any CPU
		{86743BB6-9CC2-4F5B-8B7C-20E3708360B4}.Debug|Any CPU.Build.0 = Debug|Any CPU
		{86743BB6-9CC2-4F5B-8B7C-20E3708360B4}.Release|Any CPU.ActiveCfg = Release|Any CPU
		{86743BB6-9CC2-4F5B-8B7C-20E3708360B4}.Release|Any CPU.Build.0 = Release|Any CPU
		{2EFF0CB8-43DE-4A34-A359-BA76EFA9C692}.Debug|Any CPU.ActiveCfg = Debug|Any CPU
		{2EFF0CB8-43DE-4A34-A359-BA76EFA9C692}.Debug|Any CPU.Build.0 = Debug|Any CPU
		{2EFF0CB8-43DE-4A34-A359-BA76EFA9C692}.Release|Any CPU.ActiveCfg = Release|Any CPU
		{2EFF0CB8-43DE-4A34-A359-BA76EFA9C692}.Release|Any CPU.Build.0 = Release|Any CPU
		{13631415-C3B2-424B-8EFD-8971023C5067}.Debug|Any CPU.ActiveCfg = Debug|Any CPU
		{13631415-C3B2-424B-8EFD-8971023C5067}.Debug|Any CPU.Build.0 = Debug|Any CPU
		{13631415-C3B2-424B-8EFD-8971023C5067}.Release|Any CPU.ActiveCfg = Release|Any CPU
		{13631415-C3B2-424B-8EFD-8971023C5067}.Release|Any CPU.Build.0 = Release|Any CPU
	EndGlobalSection
EndGlobal
